
Microsoft Visual Studio Solution File, Format Version 11.00
# Visual Studio 2010
Project("{FAE04EC0-301F-11D3-BF4B-00C04F79EFBC}") = "Azureoid", "Azureoid.csproj", "{E1D2161B-9E13-4F62-8513-77A4716BBFC5}"
EndProject
Global
	GlobalSection(SolutionConfigurationPlatforms) = preSolution
		Debug|Any CPU = Debug|Any CPU
		Release|Any CPU = Release|Any CPU
	EndGlobalSection
	GlobalSection(ProjectConfigurationPlatforms) = postSolution
		{E1D2161B-9E13-4F62-8513-77A4716BBFC5}.Debug|Any CPU.ActiveCfg = Debug|Any CPU
		{E1D2161B-9E13-4F62-8513-77A4716BBFC5}.Debug|Any CPU.Build.0 = Debug|Any CPU
		{E1D2161B-9E13-4F62-8513-77A4716BBFC5}.Release|Any CPU.ActiveCfg = Release|Any CPU
		{E1D2161B-9E13-4F62-8513-77A4716BBFC5}.Release|Any CPU.Build.0 = Release|Any CPU
	EndGlobalSection
	GlobalSection(MonoDevelopProperties) = preSolution
		StartupItem = Azureoid.csproj
	EndGlobalSection
EndGlobal
